{
  "version": 4,
  "terraform_version": "1.1.7",
  "serial": 8,
  "lineage": "94a6eb04-9c42-ba37-a42e-b2e57e0a21f2",
  "outputs": {},
  "resources": [
    {
      "mode": "data",
      "type": "google_client_config",
      "name": "current",
      "provider": "provider[\"registry.terraform.io/hashicorp/google\"]",
      "instances": [
        {
          "schema_version": 0,
          "attributes": {
            "access_token": "ya29.c.b0AXv0zTMFTMIp8KFW3VsjK78tfB-GLXSWKktDYe2AYCkbvJ64w__e1GEKZqQjvWkaVGMVvSTdzjt9EeJvJiUKoYSC2bZKNrsc6YU4KguND2jjpeYvMJ_oxI6_M8-XUHvxfLZbwdVE11Zwyra4SuhvJpbD1JEQCMV5183_mwpP0CE2HXdaRO1YNU7jCdCIdxLkM7Xv7FpjLRGiy99BefZbaBS3VkzIRFyb.......................................................................................................................................................................................................................................................................................................................................................................................................................................................................................................................................................................................................................................................................................................................................................................................................................",
            "id": "projects/cloudbuild-ike/regions/us-central1/zones/us-central1-a",
            "project": "cloudbuild-ike",
            "region": "us-central1",
            "zone": "us-central1-a"
          },
          "sensitive_attributes": []
        }
      ]
    },
    {
      "mode": "managed",
      "type": "google_data_fusion_instance",
      "name": "datafusion_instance6",
      "provider": "provider[\"registry.terraform.io/hashicorp/google\"]",
      "instances": [
        {
          "schema_version": 0,
          "attributes": {
            "create_time": "2022-03-30T08:57:57.661869631Z",
            "dataproc_service_account": "790790594498-compute@developer.gserviceaccount.com",
            "description": "My Data Fusion instance for test",
            "enable_stackdriver_logging": true,
            "enable_stackdriver_monitoring": true,
            "gcs_bucket": "gs://df-1722256031491685591-52ou3svqbai6zf3jaizbbqaaaa",
            "id": "projects/cloudbuild-ike/locations/us-central1/instances/datafusion6",
            "labels": {
              "example_key": "example_value"
            },
            "name": "datafusion6",
            "network_config": [
              {
                "ip_allocation": "10.89.48.0/22",
                "network": "default"
              }
            ],
            "options": {},
            "private_instance": false,
            "project": "cloudbuild-ike",
            "region": "us-central1",
            "service_endpoint": "https://datafusion6-cloudbuild-ike-dot-usc1.datafusion.googleusercontent.com",
            "state": "ACTIVE",
            "state_message": "",
            "tenant_project_id": "s0c8b969b0f5270e0-tp",
            "timeouts": null,
            "type": "DEVELOPER",
            "update_time": "2022-03-30T09:10:35.132664012Z",
            "version": "6.3.0"
          },
          "sensitive_attributes": [],
          "private": "eyJlMmJmYjczMC1lY2FhLTExZTYtOGY4OC0zNDM2M2JjN2M0YzAiOnsiY3JlYXRlIjozNjAwMDAwMDAwMDAwLCJkZWxldGUiOjMwMDAwMDAwMDAwMDAsInVwZGF0ZSI6MTUwMDAwMDAwMDAwMH19"
        }
      ]
    }
  ]
}
